Microsoft Visual Studio Solution File, Format Version 11.00
# Visual Studio 2008

Project("{657B22F4-D257-4874-0019-EE977EB64D69}") = "HCI_Dance v2.0", "Assembly-CSharp.csproj", "{CAF5FF8B-0036-5E1E-20E9-F7D53C645E7C}"
EndProject
Global
	GlobalSection(SolutionConfigurationPlatforms) = preSolution
		Debug|Any CPU = Debug|Any CPU
		Release|Any CPU = Release|Any CPU
	EndGlobalSection
	GlobalSection(ProjectConfigurationPlatforms) = postSolution
		{CAF5FF8B-0036-5E1E-20E9-F7D53C645E7C}.Debug|Any CPU.ActiveCfg = Debug|Any CPU
		{CAF5FF8B-0036-5E1E-20E9-F7D53C645E7C}.Debug|Any CPU.Build.0 = Debug|Any CPU
		{CAF5FF8B-0036-5E1E-20E9-F7D53C645E7C}.Release|Any CPU.ActiveCfg = Release|Any CPU
		{CAF5FF8B-0036-5E1E-20E9-F7D53C645E7C}.Release|Any CPU.Build.0 = Release|Any CPU
	EndGlobalSection
	GlobalSection(SolutionProperties) = preSolution
		HideSolutionNode = FALSE
	EndGlobalSection
	GlobalSection(MonoDevelopProperties) = preSolution
		StartupItem = Assembly-CSharp.csproj
	EndGlobalSection
EndGlobal
